// !$*UTF8*$!
{
	archiveVersion = 1;
	classes = {
	};
	objectVersion = 48;
	objects = {

/* Begin PBXBuildFile section */
		F5B7D6C92048364900BE225C /* AppDelegate.swift in Sources */ = {isa = PBXBuildFile; fileRef = F5B7D6C82048364900BE225C /* AppDelegate.swift */; };
		F5B7D6CB2048364900BE225C /* ViewController.swift in Sources */ = {isa = PBXBuildFile; fileRef = F5B7D6CA2048364900BE225C /* ViewController.swift */; };
		F5B7D6CE2048364900BE225C /* Main.storyboard in Resources */ = {isa = PBXBuildFile; fileRef = F5B7D6CC2048364900BE225C /* Main.storyboard */; };
		F5B7D6D02048364900BE225C /* Assets.xcassets in Resources */ = {isa = PBXBuildFile; fileRef = F5B7D6CF2048364900BE225C /* Assets.xcassets */; };
		F5B7D6D32048364900BE225C /* LaunchScreen.storyboard in Resources */ = {isa = PBXBuildFile; fileRef = F5B7D6D12048364900BE225C /* LaunchScreen.storyboard */; };
		F5B7D6DB2048375300BE225C /* README.md in Resources */ = {isa = PBXBuildFile; fileRef = F5B7D6DA2048375300BE225C /* README.md */; };
		F5B7D6E5204849B600BE225C /* library.jpg in Resources */ = {isa = PBXBuildFile; fileRef = F5B7D6E4204849B600BE225C /* library.jpg */; };
		F5B7D6E72048540600BE225C /* DetailViewController.swift in Sources */ = {isa = PBXBuildFile; fileRef = F5B7D6E62048540600BE225C /* DetailViewController.swift */; };
		F5E8AF582048726800F9AD49 /* dictionary.png in Resources */ = {isa = PBXBuildFile; fileRef = F5E8AF572048726800F9AD49 /* dictionary.png */; };
/* End PBXBuildFile section */

/* Begin PBXFileReference section */
		F5B7D6C52048364900BE225C /* Dictionary.app */ = {isa = PBXFileReference; explicitFileType = wrapper.application; includeInIndex = 0; path = Dictionary.app; sourceTree = BUILT_PRODUCTS_DIR; };
		F5B7D6C82048364900BE225C /* AppDelegate.swift */ = {isa = PBXFileReference; lastKnownFileType = sourcecode.swift; path = AppDelegate.swift; sourceTree = "<group>"; };
		F5B7D6CA2048364900BE225C /* ViewController.swift */ = {isa = PBXFileReference; lastKnownFileType = sourcecode.swift; path = ViewController.swift; sourceTree = "<group>"; };
		F5B7D6CD2048364900BE225C /* Base */ = {isa = PBXFileReference; lastKnownFileType = file.storyboard; name = Base; path = Base.lproj/Main.storyboard; sourceTree = "<group>"; };
		F5B7D6CF2048364900BE225C /* Assets.xcassets */ = {isa = PBXFileReference; lastKnownFileType = folder.assetcatalog; path = Assets.xcassets; sourceTree = "<group>"; };
		F5B7D6D22048364900BE225C /* Base */ = {isa = PBXFileReference; lastKnownFileType = file.storyboard; name = Base; path = Base.lproj/LaunchScreen.storyboard; sourceTree = "<group>"; };
		F5B7D6D42048364900BE225C /* Info.plist */ = {isa = PBXFileReference; lastKnownFileType = text.plist.xml; path = Info.plist; sourceTree = "<group>"; };
		F5B7D6DA2048375300BE225C /* README.md */ = {isa = PBXFileReference; lastKnownFileType = net.daringfireball.markdown; path = README.md; sourceTree = "<group>"; };
		F5B7D6E4204849B600BE225C /* library.jpg */ = {isa = PBXFileReference; lastKnownFileType = image.jpeg; path = library.jpg; sourceTree = "<group>"; };
		F5B7D6E62048540600BE225C /* DetailViewController.swift */ = {isa = PBXFileReference; lastKnownFileType = sourcecode.swift; path = DetailViewController.swift; sourceTree = "<group>"; };
		F5E8AF572048726800F9AD49 /* dictionary.png */ = {isa = PBXFileReference; lastKnownFileType = image.png; path = dictionary.png; sourceTree = "<group>"; };
/* End PBXFileReference section */

/* Begin PBXFrameworksBuildPhase section */
		F5B7D6C22048364900BE225C /* Frameworks */ = {
			isa = PBXFrameworksBuildPhase;
			buildActionMask = 2147483647;
			files = (
			);
			runOnlyForDeploymentPostprocessing = 0;
		};
/* End PBXFrameworksBuildPhase section */

/* Begin PBXGroup section */
		F5B7D6BC2048364900BE225C = {
			isa = PBXGroup;
			children = (
				F5B7D6DA2048375300BE225C /* README.md */,
				F5B7D6C72048364900BE225C /* Dictionary */,
				F5B7D6C62048364900BE225C /* Products */,
			);
			sourceTree = "<group>";
		};
		F5B7D6C62048364900BE225C /* Products */ = {
			isa = PBXGroup;
			children = (
				F5B7D6C52048364900BE225C /* Dictionary.app */,
			);
			name = Products;
			sourceTree = "<group>";
		};
		F5B7D6C72048364900BE225C /* Dictionary */ = {
			isa = PBXGroup;
			children = (
				F5E8AF572048726800F9AD49 /* dictionary.png */,
				F5B7D6E4204849B600BE225C /* library.jpg */,
				F5B7D6C82048364900BE225C /* AppDelegate.swift */,
				F5B7D6CA2048364900BE225C /* ViewController.swift */,
				F5B7D6E62048540600BE225C /* DetailViewController.swift */,
				F5B7D6CC2048364900BE225C /* Main.storyboard */,
				F5B7D6CF2048364900BE225C /* Assets.xcassets */,
				F5B7D6D12048364900BE225C /* LaunchScreen.storyboard */,
				F5B7D6D42048364900BE225C /* Info.plist */,
			);
			path = Dictionary;
			sourceTree = "<group>";
		};
/* End PBXGroup section */

/* Begin PBXNativeTarget section */
		F5B7D6C42048364900BE225C /* Dictionary */ = {
			isa = PBXNativeTarget;
			buildConfigurationList = F5B7D6D72048364900BE225C /* Build configuration list for PBXNativeTarget "Dictionary" */;
			buildPhases = (
				F5B7D6C12048364900BE225C /* Sources */,
				F5B7D6C22048364900BE225C /* Frameworks */,
				F5B7D6C32048364900BE225C /* Resources */,
			);
			buildRules = (
			);
			dependencies = (
			);
			name = Dictionary;
			productName = Dictionary;
			productReference = F5B7D6C52048364900BE225C /* Dictionary.app */;
			productType = "com.apple.product-type.application";
		};
/* End PBXNativeTarget section */

/* Begin PBXProject section */
		F5B7D6BD2048364900BE225C /* Project object */ = {
			isa = PBXProject;
			attributes = {
				LastSwiftUpdateCheck = 0920;
				LastUpgradeCheck = 0920;
				ORGANIZATIONNAME = "Juan Manuel Gentili";
				TargetAttributes = {
					F5B7D6C42048364900BE225C = {
						CreatedOnToolsVersion = 9.2;
						ProvisioningStyle = Automatic;
					};
				};
			};
			buildConfigurationList = F5B7D6C02048364900BE225C /* Build configuration list for PBXProject "Dictionary" */;
			compatibilityVersion = "Xcode 8.0";
			developmentRegion = en;
			hasScannedForEncodings = 0;
			knownRegions = (
				en,
				Base,
			);
			mainGroup = F5B7D6BC2048364900BE225C;
			productRefGroup = F5B7D6C62048364900BE225C /* Products */;
			projectDirPath = "";
			projectRoot = "";
			targets = (
				F5B7D6C42048364900BE225C /* Dictionary */,
			);
		};
/* End PBXProject section */

/* Begin PBXResourcesBuildPhase section */
		F5B7D6C32048364900BE225C /* Resources */ = {
			isa = PBXResourcesBuildPhase;
			buildActionMask = 2147483647;
			files = (
				F5B7D6E5204849B600BE225C /* library.jpg in Resources */,
				F5E8AF582048726800F9AD49 /* dictionary.png in Resources */,
				F5B7D6D32048364900BE225C /* LaunchScreen.storyboard in Resources */,
				F5B7D6D02048364900BE225C /* Assets.xcassets in Resources */,
				F5B7D6DB2048375300BE225C /* README.md in Resources */,
				F5B7D6CE2048364900BE225C /* Main.storyboard in Resources */,
			);
			runOnlyForDeploymentPostprocessing = 0;
		};
/* End PBXResourcesBuildPhase section */

/* Begin PBXSourcesBuildPhase section */
		F5B7D6C12048364900BE225C /* Sources */ = {
			isa = PBXSourcesBuildPhase;
			buildActionMask = 2147483647;
			files = (
				F5B7D6E72048540600BE225C /* DetailViewController.swift in Sources */,
				F5B7D6CB2048364900BE225C /* ViewController.swift in Sources */,
				F5B7D6C92048364900BE225C /* AppDelegate.swift in Sources */,
			);
			runOnlyForDeploymentPostprocessing = 0;
		};
/* End PBXSourcesBuildPhase section */

/* Begin PBXVariantGroup section */
		F5B7D6CC2048364900BE225C /* Main.storyboard */ = {
			isa = PBXVariantGroup;
			children = (
				F5B7D6CD2048364900BE225C /* Base */,
			);
			name = Main.storyboard;
			sourceTree = "<group>";
		};
		F5B7D6D12048364900BE225C /* LaunchScreen.storyboard */ = {
			isa = PBXVariantGroup;
			children = (
				F5B7D6D22048364900BE225C /* Base */,
			);
			name = LaunchScreen.storyboard;
			sourceTree = "<group>";
		};
/* End PBXVariantGroup section */

/* Begin XCBuildConfiguration section */
		F5B7D6D52048364900BE225C /* Debug */ = {
			isa = XCBuildConfiguration;
			buildSettings = {
				ALWAYS_SEARCH_USER_PATHS = NO;
				CLANG_ANALYZER_NONNULL = YES;
				CLANG_ANALYZER_NUMBER_OBJECT_CONVERSION = YES_AGGRESSIVE;
				CLANG_CXX_LANGUAGE_STANDARD = "gnu++14";
				CLANG_CXX_LIBRARY = "libc++";
				CLANG_ENABLE_MODULES = YES;
				CLANG_ENABLE_OBJC_ARC = YES;
				CLANG_WARN_BLOCK_CAPTURE_AUTORELEASING = YES;
				CLANG_WARN_BOOL_CONVERSION = YES;
				CLANG_WARN_COMMA = YES;
				CLANG_WARN_CONSTANT_CONVERSION = YES;
				CLANG_WARN_DIRECT_OBJC_ISA_USAGE = YES_ERROR;
				CLANG_WARN_DOCUMENTATION_COMMENTS = YES;
				CLANG_WARN_EMPTY_BODY = YES;
				CLANG_WARN_ENUM_CONVERSION = YES;
				CLANG_WARN_INFINITE_RECURSION = YES;
				CLANG_WARN_INT_CONVERSION = YES;
				CLANG_WARN_NON_LITERAL_NULL_CONVERSION = YES;
				CLANG_WARN_OBJC_LITERAL_CONVERSION = YES;
				CLANG_WARN_OBJC_ROOT_CLASS = YES_ERROR;
				CLANG_WARN_RANGE_LOOP_ANALYSIS = YES;
				CLANG_WARN_STRICT_PROTOTYPES = YES;
				CLANG_WARN_SUSPICIOUS_MOVE = YES;
				CLANG_WARN_UNGUARDED_AVAILABILITY = YES_AGGRESSIVE;
				CLANG_WARN_UNREACHABLE_CODE = YES;
				CLANG_WARN__DUPLICATE_METHOD_MATCH = YES;
				CODE_SIGN_IDENTITY = "iPhone Developer";
				COPY_PHASE_STRIP = NO;
				DEBUG_INFORMATION_FORMAT = dwarf;
				ENABLE_STRICT_OBJC_MSGSEND = YES;
				ENABLE_TESTABILITY = YES;
				GCC_C_LANGUAGE_STANDARD = gnu11;
				GCC_DYNAMIC_NO_PIC = NO;
				GCC_NO_COMMON_BLOCKS = YES;
				GCC_OPTIMIZATION_LEVEL = 0;
				GCC_PREPROCESSOR_DEFINITIONS = (
					"DEBUG=1",
					"$(inherited)",
				);
				GCC_WARN_64_TO_32_BIT_CONVERSION = YES;
				GCC_WARN_ABOUT_RETURN_TYPE = YES_ERROR;
				GCC_WARN_UNDECLARED_SELECTOR = YES;
				GCC_WARN_UNINITIALIZED_AUTOS = YES_AGGRESSIVE;
				GCC_WARN_UNUSED_FUNCTION = YES;
				GCC_WARN_UNUSED_VARIABLE = YES;
				IPHONEOS_DEPLOYMENT_TARGET = 11.2;
				MTL_ENABLE_DEBUG_INFO = YES;
				ONLY_ACTIVE_ARCH = YES;
				SDKROOT = iphoneos;
				SWIFT_ACTIVE_COMPILATION_CONDITIONS = DEBUG;
				SWIFT_OPTIMIZATION_LEVEL = "-Onone";
			};
			name = Debug;
		};
		F5B7D6D62048364900BE225C /* Release */ = {
			isa = XCBuildConfiguration;
			buildSettings = {
				ALWAYS_SEARCH_USER_PATHS = NO;
				CLANG_ANALYZER_NONNULL = YES;
				CLANG_ANALYZER_NUMBER_OBJECT_CONVERSION = YES_AGGRESSIVE;
				CLANG_CXX_LANGUAGE_STANDARD = "gnu++14";
				CLANG_CXX_LIBRARY = "libc++";
				CLANG_ENABLE_MODULES = YES;
				CLANG_ENABLE_OBJC_ARC = YES;
				CLANG_WARN_BLOCK_CAPTURE_AUTORELEASING = YES;
				CLANG_WARN_BOOL_CONVERSION = YES;
				CLANG_WARN_COMMA = YES;
				CLANG_WARN_CONSTANT_CONVERSION = YES;
				CLANG_WARN_DIRECT_OBJC_ISA_USAGE = YES_ERROR;
				CLANG_WARN_DOCUMENTATION_COMMENTS = YES;
				CLANG_WARN_EMPTY_BODY = YES;
				CLANG_WARN_ENUM_CONVERSION = YES;
				CLANG_WARN_INFINITE_RECURSION = YES;
				CLANG_WARN_INT_CONVERSION = YES;
				CLANG_WARN_NON_LITERAL_NULL_CONVERSION = YES;
				CLANG_WARN_OBJC_LITERAL_CONVERSION = YES;
				CLANG_WARN_OBJC_ROOT_CLASS = YES_ERROR;
				CLANG_WARN_RANGE_LOOP_ANALYSIS = YES;
				CLANG_WARN_STRICT_PROTOTYPES = YES;
				CLANG_WARN_SUSPICIOUS_MOVE = YES;
				CLANG_WARN_UNGUARDED_AVAILABILITY = YES_AGGRESSIVE;
				CLANG_WARN_UNREACHABLE_CODE = YES;
				CLANG_WARN__DUPLICATE_METHOD_MATCH = YES;
				CODE_SIGN_IDENTITY = "iPhone Developer";
				COPY_PHASE_STRIP = NO;
				DEBUG_INFORMATION_FORMAT = "dwarf-with-dsym";
				ENABLE_NS_ASSERTIONS = NO;
				ENABLE_STRICT_OBJC_MSGSEND = YES;
				GCC_C_LANGUAGE_STANDARD = gnu11;
				GCC_NO_COMMON_BLOCKS = YES;
				GCC_WARN_64_TO_32_BIT_CONVERSION = YES;
				GCC_WARN_ABOUT_RETURN_TYPE = YES_ERROR;
				GCC_WARN_UNDECLARED_SELECTOR = YES;
				GCC_WARN_UNINITIALIZED_AUTOS = YES_AGGRESSIVE;
				GCC_WARN_UNUSED_FUNCTION = YES;
				GCC_WARN_UNUSED_VARIABLE = YES;
				IPHONEOS_DEPLOYMENT_TARGET = 11.2;
				MTL_ENABLE_DEBUG_INFO = NO;
				SDKROOT = iphoneos;
				SWIFT_OPTIMIZATION_LEVEL = "-Owholemodule";
				VALIDATE_PRODUCT = YES;
			};
			name = Release;
		};
		F5B7D6D82048364900BE225C /* Debug */ = {
			isa = XCBuildConfiguration;
			buildSettings = {
				ASSETCATALOG_COMPILER_APPICON_NAME = AppIcon;
				CODE_SIGN_STYLE = Automatic;
				DEVELOPMENT_TEAM = DDNS7XYHNN;
				INFOPLIST_FILE = Dictionary/Info.plist;
				LD_RUNPATH_SEARCH_PATHS = "$(inherited) @executable_path/Frameworks";
				PRODUCT_BUNDLE_IDENTIFIER = "com.juan-manuel-gentili.Dictionary";
				PRODUCT_NAME = "$(TARGET_NAME)";
				SWIFT_VERSION = 4.0;
				TARGETED_DEVICE_FAMILY = "1,2";
			};
			name = Debug;
		};
		F5B7D6D92048364900BE225C /* Release */ = {
			isa = XCBuildConfiguration;
			buildSettings = {
				ASSETCATALOG_COMPILER_APPICON_NAME = AppIcon;
				CODE_SIGN_STYLE = Automatic;
				DEVELOPMENT_TEAM = DDNS7XYHNN;
				INFOPLIST_FILE = Dictionary/Info.plist;
				LD_RUNPATH_SEARCH_PATHS = "$(inherited) @executable_path/Frameworks";
				PRODUCT_BUNDLE_IDENTIFIER = "com.juan-manuel-gentili.Dictionary";
				PRODUCT_NAME = "$(TARGET_NAME)";
				SWIFT_VERSION = 4.0;
				TARGETED_DEVICE_FAMILY = "1,2";
			};
			name = Release;
		};
/* End XCBuildConfiguration section */

/* Begin XCConfigurationList section */
		F5B7D6C02048364900BE225C /* Build configuration list for PBXProject "Dictionary" */ = {
			isa = XCConfigurationList;
			buildConfigurations = (
				F5B7D6D52048364900BE225C /* Debug */,
				F5B7D6D62048364900BE225C /* Release */,
			);
			defaultConfigurationIsVisible = 0;
			defaultConfigurationName = Release;
		};
		F5B7D6D72048364900BE225C /* Build configuration list for PBXNativeTarget "Dictionary" */ = {
			isa = XCConfigurationList;
			buildConfigurations = (
				F5B7D6D82048364900BE225C /* Debug */,
				F5B7D6D92048364900BE225C /* Release */,
			);
			defaultConfigurationIsVisible = 0;
			defaultConfigurationName = Release;
		};
/* End XCConfigurationList section */
	};
	rootObject = F5B7D6BD2048364900BE225C /* Project object */;
}
